
Microsoft Visual Studio Solution File, Format Version 12.00
# Visual Studio Version 17
VisualStudioVersion = 17.12.35506.116 d17.12
MinimumVisualStudioVersion = 10.0.40219.1
Project("{FAE04EC0-301F-11D3-BF4B-00C04F79EFBC}") = "SdsExamOlvido", "SdsExamOlvido\SdsExamOlvido.csproj", "{2783D163-339B-43A2-9973-7AF7E5B07273}"
EndProject
Project("{FAE04EC0-301F-11D3-BF4B-00C04F79EFBC}") = "SdsExamOlvido.Tests", "SdsExamOlvido.Tests\SdsExamOlvido.Tests.csproj", "{7A6732D9-CCD4-416A-B7B1-AA15177A8413}"
EndProject
Global
	GlobalSection(SolutionConfigurationPlatforms) = preSolution
		Debug|Any CPU = Debug|Any CPU
		Release|Any CPU = Release|Any CPU
	EndGlobalSection
	GlobalSection(ProjectConfigurationPlatforms) = postSolution
		{2783D163-339B-43A2-9973-7AF7E5B07273}.Debug|Any CPU.ActiveCfg = Debug|Any CPU
		{2783D163-339B-43A2-9973-7AF7E5B07273}.Debug|Any CPU.Build.0 = Debug|Any CPU
		{2783D163-339B-43A2-9973-7AF7E5B07273}.Release|Any CPU.ActiveCfg = Release|Any CPU
		{2783D163-339B-43A2-9973-7AF7E5B07273}.Release|Any CPU.Build.0 = Release|Any CPU
		{7A6732D9-CCD4-416A-B7B1-AA15177A8413}.Debug|Any CPU.ActiveCfg = Debug|Any CPU
		{7A6732D9-CCD4-416A-B7B1-AA15177A8413}.Debug|Any CPU.Build.0 = Debug|Any CPU
		{7A6732D9-CCD4-416A-B7B1-AA15177A8413}.Release|Any CPU.ActiveCfg = Release|Any CPU
		{7A6732D9-CCD4-416A-B7B1-AA15177A8413}.Release|Any CPU.Build.0 = Release|Any CPU
	EndGlobalSection
	GlobalSection(SolutionProperties) = preSolution
		HideSolutionNode = FALSE
	EndGlobalSection
EndGlobal
